
Microsoft Visual Studio Solution File, Format Version 12.00
# Visual Studio Version 16
VisualStudioVersion = 16.0.30517.126
MinimumVisualStudioVersion = 10.0.40219.1
Project("{FAE04EC0-301F-11D3-BF4B-00C04F79EFBC}") = "CreatePDF", "CreatePDF\CreatePDF.csproj", "{BFF32A04-0B85-4174-AACA-CA437A752061}"
EndProject
Global
	GlobalSection(SolutionConfigurationPlatforms) = preSolution
		Debug|Any CPU = Debug|Any CPU
		Release|Any CPU = Release|Any CPU
	EndGlobalSection
	GlobalSection(ProjectConfigurationPlatforms) = postSolution
		{BFF32A04-0B85-4174-AACA-CA437A752061}.Debug|Any CPU.ActiveCfg = Debug|Any CPU
		{BFF32A04-0B85-4174-AACA-CA437A752061}.Debug|Any CPU.Build.0 = Debug|Any CPU
		{BFF32A04-0B85-4174-AACA-CA437A752061}.Release|Any CPU.ActiveCfg = Release|Any CPU
		{BFF32A04-0B85-4174-AACA-CA437A752061}.Release|Any CPU.Build.0 = Release|Any CPU
	EndGlobalSection
	GlobalSection(SolutionProperties) = preSolution
		HideSolutionNode = FALSE
	EndGlobalSection
	GlobalSection(ExtensibilityGlobals) = postSolution
		SolutionGuid = {4D677168-2EEF-4954-AAB4-79A218D7CA07}
	EndGlobalSection
EndGlobal
